
Microsoft Visual Studio Solution File, Format Version 12.00
# Visual Studio Version 17
VisualStudioVersion = 17.9.34728.123
MinimumVisualStudioVersion = 10.0.40219.1
Project("{FAE04EC0-301F-11D3-BF4B-00C04F79EFBC}") = "ProductsAPI", "ProductsAPI\ProductsAPI.csproj", "{A9442F14-2DBF-4000-A596-B6E6CFEF1485}"
EndProject
Global
	GlobalSection(SolutionConfigurationPlatforms) = preSolution
		Debug|Any CPU = Debug|Any CPU
		Release|Any CPU = Release|Any CPU
	EndGlobalSection
	GlobalSection(ProjectConfigurationPlatforms) = postSolution
		{A9442F14-2DBF-4000-A596-B6E6CFEF1485}.Debug|Any CPU.ActiveCfg = Debug|Any CPU
		{A9442F14-2DBF-4000-A596-B6E6CFEF1485}.Debug|Any CPU.Build.0 = Debug|Any CPU
		{A9442F14-2DBF-4000-A596-B6E6CFEF1485}.Release|Any CPU.ActiveCfg = Release|Any CPU
		{A9442F14-2DBF-4000-A596-B6E6CFEF1485}.Release|Any CPU.Build.0 = Release|Any CPU
	EndGlobalSection
	GlobalSection(SolutionProperties) = preSolution
		HideSolutionNode = FALSE
	EndGlobalSection
	GlobalSection(ExtensibilityGlobals) = postSolution
		SolutionGuid = {43517074-809D-4177-8989-142A74C76C74}
	EndGlobalSection
EndGlobal
